{
  "name": "spryker-zed-statemachine",
  "version": "1.0.0",
  "lockfileVersion": 1,
  "requires": true,
  "dependencies": {
    "drift-zoom": {
      "version": "1.4.0",
      "resolved": "https://registry.npmjs.org/drift-zoom/-/drift-zoom-1.4.0.tgz",
      "integrity": "sha512-hmMntkIEqXI+HrbSsgL0i3onAsESXHagEXUU/EiXuD8ksPpQtCy962AA6IEgNWvtnf+IzXUHEBcdopLPOPFoTw=="
    }
  }
}
