{
    "name": "spryker-master-suite",
    "requires": true,
    "lockfileVersion": 1,
    "dependencies": {
        "@spryker/prettier-config": {
            "version": "github:spryker/prettier-config#eeb4d8b0d416144026222cd8e2f2057f9059cde8",
            "from": "github:spryker/prettier-config",
            "dev": true
        },
        "prettier": {
            "version": "2.0.5",
            "resolved": "https://registry.npmjs.org/prettier/-/prettier-2.0.5.tgz",
            "integrity": "sha512-7PtVymN48hGcO4fGjybyBSIWDsLU4H4XlvOHfq91pz9kkGlonzwTfYkaIEwiRg/dAJF9YlbsduBAgtYLi+8cFg==",
            "dev": true
        }
    }
}
