{
    "name": "spryker-zed-productrelations",
    "version": "1.0.0",
    "lockfileVersion": 1,
    "requires": true,
    "dependencies": {
        "dot": {
            "version": "1.1.3",
            "resolved": "https://registry.npmjs.org/dot/-/dot-1.1.3.tgz",
            "integrity": "sha512-/nt74Rm+PcfnirXGEdhZleTwGC2LMnuKTeeTIlI82xb5loBBoXNYzr2ezCroPSMtilK8EZIfcNZwOcHN+ib1Lg=="
        },
        "fs": {
            "version": "0.0.2",
            "resolved": "https://registry.npmjs.org/fs/-/fs-0.0.2.tgz",
            "integrity": "sha1-4fJE7zkzwbKmS9R5kTYGDQ9ZFPg="
        },
        "jquery": {
            "version": "3.5.1",
            "resolved": "https://registry.npmjs.org/jquery/-/jquery-3.5.1.tgz",
            "integrity": "sha512-XwIBPqcMn57FxfT+Go5pzySnm4KWkT1Tv7gjrpT1srtf8Weynl6R273VJ5GjkRb51IzMp5nbaPjJXMWeju2MKg=="
        },
        "jquery-extendext": {
            "version": "1.0.0",
            "resolved": "https://registry.npmjs.org/jquery-extendext/-/jquery-extendext-1.0.0.tgz",
            "integrity": "sha512-gDJjpQ8ISd4ZMwSn0yXSuyufsPMCeWtWJ8kmqE85VromJqyVT2sdkHzS5yL0w1GK81UpOzmr2f9JgFln2sbJSg==",
            "requires": {
                "jquery": ">=1.9.1"
            }
        },
        "jquery-query-builder": {
            "version": "git+https://github.com/spryker/jquery-query-builder.git#72d9bd4c8a599fb210dd5eae87750f1b1e840c7b",
            "from": "git+https://github.com/spryker/jquery-query-builder.git",
            "requires": {
                "dot": "^1.1.3"
            }
        },
        "sql-parser": {
            "version": "git+https://github.com/spryker/spryker-sql-parser.git#8f851c5f6186997435a59569df4fe3236bf6898b",
            "from": "git+https://github.com/spryker/spryker-sql-parser.git"
        }
    }
}
