{
    "name": "spryker-zed-productrelations",
    "version": "1.0.0",
    "lockfileVersion": 1,
    "requires": true,
    "dependencies": {
        "@spryker/jquery-query-builder": {
            "version": "2.5.2-spryker.1",
            "resolved": "https://registry.npmjs.org/@spryker/jquery-query-builder/-/jquery-query-builder-2.5.2-spryker.1.tgz",
            "integrity": "sha512-NoCKrYlU4yWqtj/D/Tb7DoFfqgZ9NdfC6jHbKLdPUgaZf8EnXEWhvSU7on4l58Xkbh046d68wwhd/hPDwNvMzg==",
            "requires": {
                "dot": "^1.1.3"
            }
        },
        "@spryker/sql-parser-mistic": {
            "version": "1.2.3",
            "resolved": "https://registry.npmjs.org/@spryker/sql-parser-mistic/-/sql-parser-mistic-1.2.3.tgz",
            "integrity": "sha512-PtDNRngep1ycn+DkdnMx7PF3Uf/6/xjOY/Oa/9vi9D59UFQ0Aves5lYraIr+ddOQfcU8aYbrtK7Up2Eph4kQFw=="
        },
        "dot": {
            "version": "1.1.3",
            "resolved": "https://registry.npmjs.org/dot/-/dot-1.1.3.tgz",
            "integrity": "sha512-/nt74Rm+PcfnirXGEdhZleTwGC2LMnuKTeeTIlI82xb5loBBoXNYzr2ezCroPSMtilK8EZIfcNZwOcHN+ib1Lg=="
        },
        "fs": {
            "version": "0.0.2",
            "resolved": "https://registry.npmjs.org/fs/-/fs-0.0.2.tgz",
            "integrity": "sha1-4fJE7zkzwbKmS9R5kTYGDQ9ZFPg="
        },
        "jquery": {
            "version": "3.5.1",
            "resolved": "https://registry.npmjs.org/jquery/-/jquery-3.5.1.tgz",
            "integrity": "sha512-XwIBPqcMn57FxfT+Go5pzySnm4KWkT1Tv7gjrpT1srtf8Weynl6R273VJ5GjkRb51IzMp5nbaPjJXMWeju2MKg=="
        },
        "jquery-extendext": {
            "version": "1.0.0",
            "resolved": "https://registry.npmjs.org/jquery-extendext/-/jquery-extendext-1.0.0.tgz",
            "integrity": "sha512-gDJjpQ8ISd4ZMwSn0yXSuyufsPMCeWtWJ8kmqE85VromJqyVT2sdkHzS5yL0w1GK81UpOzmr2f9JgFln2sbJSg==",
            "requires": {
                "jquery": ">=1.9.1"
            }
        }
    }
}
