{
  "name": "spryker-zed-gui",
  "version": "1.0.0",
  "lockfileVersion": 1,
  "requires": true,
  "dependencies": {
    "almond": {
      "version": "0.3.3",
      "resolved": "https://registry.npmjs.org/almond/-/almond-0.3.3.tgz",
      "integrity": "sha1-oOfJWsdiTWQXtElLHmi/9pMWiiA="
    },
    "animate.css": {
      "version": "3.5.2",
      "resolved": "https://registry.npmjs.org/animate.css/-/animate.css-3.5.2.tgz",
      "integrity": "sha1-keZo3AaagI5eSZUUhnuXquAWbDY="
    },
    "bootstrap-sass": {
      "version": "3.3.7",
      "resolved": "https://registry.npmjs.org/bootstrap-sass/-/bootstrap-sass-3.3.7.tgz",
      "integrity": "sha1-ZZbHq0D2Y3OTMjqwvIDQZPxjBJg="
    },
    "codemirror": {
      "version": "5.12.0",
      "resolved": "https://registry.npmjs.org/codemirror/-/codemirror-5.12.0.tgz",
      "integrity": "sha1-lWpHK9Kw+Uyw9zBoChwzZxzX+6M="
    },
    "datatables.net": {
      "version": "1.10.16",
      "resolved": "https://registry.npmjs.org/datatables.net/-/datatables.net-1.10.16.tgz",
      "integrity": "sha1-SwUtEIKCQmG2ju2dInQbcR09JGk=",
      "requires": {
        "jquery": "3.2.1"
      }
    },
    "datatables.net-bs": {
      "version": "1.10.16",
      "resolved": "https://registry.npmjs.org/datatables.net-bs/-/datatables.net-bs-1.10.16.tgz",
      "integrity": "sha1-sIVPWzdPcTrj20FWx86op2DD3nY=",
      "requires": {
        "datatables.net": "1.10.16",
        "jquery": "3.2.1"
      }
    },
    "datatables.net-buttons": {
      "version": "1.2.4",
      "resolved": "https://registry.npmjs.org/datatables.net-buttons/-/datatables.net-buttons-1.2.4.tgz",
      "integrity": "sha1-rZCn6zlBmWEI7/bVKTxHM/GHQyk=",
      "requires": {
        "datatables.net": "1.10.16",
        "jquery": "3.2.1"
      }
    },
    "datatables.net-buttons-bs": {
      "version": "1.2.4",
      "resolved": "https://registry.npmjs.org/datatables.net-buttons-bs/-/datatables.net-buttons-bs-1.2.4.tgz",
      "integrity": "sha1-GEOvK+BUSYfN06vUcQKKoj2kjOY=",
      "requires": {
        "datatables.net-bs": "1.10.16",
        "datatables.net-buttons": "1.2.4",
        "jquery": "3.2.1"
      }
    },
    "datatables.net-responsive": {
      "version": "2.0.2",
      "resolved": "https://registry.npmjs.org/datatables.net-responsive/-/datatables.net-responsive-2.0.2.tgz",
      "integrity": "sha1-P7G5poZ9Hk2N/BsAdi9rrlyeqXg=",
      "requires": {
        "datatables.net": "1.10.16",
        "jquery": "3.2.1"
      }
    },
    "datatables.net-responsive-bs": {
      "version": "2.0.2",
      "resolved": "https://registry.npmjs.org/datatables.net-responsive-bs/-/datatables.net-responsive-bs-2.0.2.tgz",
      "integrity": "sha1-UvCc/HHTjdGurbQzQ4dXQH+Xaig=",
      "requires": {
        "datatables.net-bs": "1.10.16",
        "datatables.net-responsive": "2.0.2",
        "jquery": "3.2.1"
      }
    },
    "datatables.net-select": {
      "version": "1.1.2",
      "resolved": "https://registry.npmjs.org/datatables.net-select/-/datatables.net-select-1.1.2.tgz",
      "integrity": "sha1-S0SOgLG75+7kmrCB/Rl6AlHq7zk=",
      "requires": {
        "datatables.net": "1.10.16",
        "jquery": "3.2.1"
      }
    },
    "datatables.net-select-bs": {
      "version": "1.1.2",
      "resolved": "https://registry.npmjs.org/datatables.net-select-bs/-/datatables.net-select-bs-1.1.2.tgz",
      "integrity": "sha1-yDd2JG/ikuidkNdmAB4YP49IVjU=",
      "requires": {
        "datatables.net-bs": "1.10.16",
        "datatables.net-select": "1.1.2",
        "jquery": "3.2.1"
      }
    },
    "es6-promise": {
      "version": "4.0.5",
      "resolved": "https://registry.npmjs.org/es6-promise/-/es6-promise-4.0.5.tgz",
      "integrity": "sha1-eILzCt3lskDM+n99eMVIMwlRrkI="
    },
    "font-awesome": {
      "version": "4.7.0",
      "resolved": "https://registry.npmjs.org/font-awesome/-/font-awesome-4.7.0.tgz",
      "integrity": "sha1-j6jPBBGhoxr9B7BtKQK7n8gVoTM="
    },
    "jquery": {
      "version": "3.2.1",
      "resolved": "https://registry.npmjs.org/jquery/-/jquery-3.2.1.tgz",
      "integrity": "sha1-XE2d5lKvbNCncBVKYxu6ErAVx4c="
    },
    "jquery-migrate": {
      "version": "3.0.1",
      "resolved": "https://registry.npmjs.org/jquery-migrate/-/jquery-migrate-3.0.1.tgz",
      "integrity": "sha512-NYlhcFnRh4Bv9jvadPlcAKQdVGRE0+TSgFYxQ+ZnCxUUHbwd+SjbOg+Xvu1Oea9mpQJ+2VB1eCfcBORWNQsHaA=="
    },
    "jquery-mousewheel": {
      "version": "3.1.13",
      "resolved": "https://registry.npmjs.org/jquery-mousewheel/-/jquery-mousewheel-3.1.13.tgz",
      "integrity": "sha1-BvAzXxbjU6aV5yBr9QUDy1I6buU="
    },
    "jquery-ui": {
      "version": "1.10.5",
      "resolved": "https://registry.npmjs.org/jquery-ui/-/jquery-ui-1.10.5.tgz",
      "integrity": "sha1-gmrtPdH4jTKudddN9IZD3EMaWBU="
    },
    "jstree": {
      "version": "3.3.4",
      "resolved": "https://registry.npmjs.org/jstree/-/jstree-3.3.4.tgz",
      "integrity": "sha1-PQibuWI71vPyX2TE5M5UezDUAmQ=",
      "requires": {
        "jquery": "3.2.1"
      }
    },
    "metismenu": {
      "version": "2.0.3",
      "resolved": "https://registry.npmjs.org/metismenu/-/metismenu-2.0.3.tgz",
      "integrity": "sha1-b3liFSXwzXle1oE73TK2pH1oewc="
    },
    "nestable": {
      "version": "git+https://git@github.com/ilmente/Nestable.git#0baf37567b5bda0bcb80acc3dd0c0d0a13ba497d"
    },
    "pace": {
      "version": "git+https://git@github.com/hubspot/pace.git#c6846cbf6b928e9903b569269fa9fbf32f2554f4"
    },
    "select2": {
      "version": "git+https://git@github.com/select2/select2.git#622a619d25358b86a93c2335f88e1884acc9ccb8",
      "requires": {
        "almond": "0.3.3",
        "jquery-mousewheel": "3.1.13"
      }
    },
    "summernote": {
      "version": "0.8.8",
      "resolved": "https://registry.npmjs.org/summernote/-/summernote-0.8.8.tgz",
      "integrity": "sha1-MkT/lF5awWcFGdSwxBjkA0Ecrj4=",
      "requires": {
        "bootstrap": "3.3.7"
      },
      "dependencies": {
        "bootstrap": {
          "version": "3.3.7",
          "resolved": "https://registry.npmjs.org/bootstrap/-/bootstrap-3.3.7.tgz",
          "integrity": "sha1-WjiTlFSfIzMIdaOxUGVldPip63E="
        }
      }
    },
    "sweetalert": {
      "version": "1.1.3",
      "resolved": "https://registry.npmjs.org/sweetalert/-/sweetalert-1.1.3.tgz",
      "integrity": "sha1-0sMepJKyK2qNiHrqFZiaI4/AhK4="
    }
  }
}
