{
    "name": "spryker-zed-gui",
    "version": "1.0.0",
    "lockfileVersion": 1,
    "requires": true,
    "dependencies": {
        "@spryker/nestable": {
            "version": "1.1.1",
            "resolved": "https://registry.npmjs.org/@spryker/nestable/-/nestable-1.1.1.tgz",
            "integrity": "sha512-4VWkVfUZaEh6nm9/n3YKmOr+GFzD2k3Wmhu66xeYR6Pjo61XbA1YOVBS40p5prbvqKJb0LvO6IyblXC17xtZGQ=="
        },
        "animate.css": {
            "version": "3.5.2",
            "resolved": "https://registry.npmjs.org/animate.css/-/animate.css-3.5.2.tgz",
            "integrity": "sha1-keZo3AaagI5eSZUUhnuXquAWbDY="
        },
        "bootstrap-sass": {
            "version": "3.4.1",
            "resolved": "https://registry.npmjs.org/bootstrap-sass/-/bootstrap-sass-3.4.1.tgz",
            "integrity": "sha512-p5rxsK/IyEDQm2CwiHxxUi0MZZtvVFbhWmyMOt4lLkA4bujDA1TGoKT0i1FKIWiugAdP+kK8T5KMDFIKQCLYIA=="
        },
        "codemirror": {
            "version": "5.12.0",
            "resolved": "https://registry.npmjs.org/codemirror/-/codemirror-5.12.0.tgz",
            "integrity": "sha1-lWpHK9Kw+Uyw9zBoChwzZxzX+6M="
        },
        "datatables.net": {
            "version": "1.10.23",
            "resolved": "https://registry.npmjs.org/datatables.net/-/datatables.net-1.10.23.tgz",
            "integrity": "sha512-we3tlNkzpxvgkKKlTxTMXPCt35untVXNg8zUYWpQyC1U5vJc+lT0+Zdc1ztK8d3lh5CfdnuFde2p8n3XwaGl3Q==",
            "requires": {
                "jquery": ">=1.7"
            }
        },
        "datatables.net-bs": {
            "version": "1.10.23",
            "resolved": "https://registry.npmjs.org/datatables.net-bs/-/datatables.net-bs-1.10.23.tgz",
            "integrity": "sha512-O/kJxT93i9hIq8trdbHuIcHhrTodkVPfPqvxOqKK8lJ03XUUrT6V8ZoGyxROFjQGcgbye5CoRLVf7MY+5biOIQ==",
            "requires": {
                "datatables.net": "1.10.23",
                "jquery": ">=1.7"
            }
        },
        "datatables.net-buttons": {
            "version": "1.2.4",
            "resolved": "https://registry.npmjs.org/datatables.net-buttons/-/datatables.net-buttons-1.2.4.tgz",
            "integrity": "sha1-rZCn6zlBmWEI7/bVKTxHM/GHQyk=",
            "requires": {
                "datatables.net": ">=1.10.9",
                "jquery": ">=1.7"
            }
        },
        "datatables.net-buttons-bs": {
            "version": "1.2.4",
            "resolved": "https://registry.npmjs.org/datatables.net-buttons-bs/-/datatables.net-buttons-bs-1.2.4.tgz",
            "integrity": "sha1-GEOvK+BUSYfN06vUcQKKoj2kjOY=",
            "requires": {
                "datatables.net-bs": ">=1.10.9",
                "datatables.net-buttons": ">=1.0.3",
                "jquery": ">=1.7"
            }
        },
        "datatables.net-responsive": {
            "version": "2.2.7",
            "resolved": "https://registry.npmjs.org/datatables.net-responsive/-/datatables.net-responsive-2.2.7.tgz",
            "integrity": "sha512-pjZcR+AHa0GE++giRhMBSxFLKrfjP+X7etj7oZMMfMTi1gcdYdM8YP3gmpEyfLjDEg6uPJb9PRH4mQHcc8OYyA==",
            "requires": {
                "datatables.net": "^1.10.15",
                "jquery": ">=1.7"
            }
        },
        "datatables.net-responsive-bs": {
            "version": "2.2.7",
            "resolved": "https://registry.npmjs.org/datatables.net-responsive-bs/-/datatables.net-responsive-bs-2.2.7.tgz",
            "integrity": "sha512-hy+ItFI4/JvBW15WrQib9FPQC7RkurVu07406YaQZfXQB08FfJYzUeT42xUvhLFfIRTk4jUlDQWsc2Rbp8yHQQ==",
            "requires": {
                "datatables.net-bs": "^1.10.15",
                "datatables.net-responsive": "2.2.7",
                "jquery": ">=1.7"
            }
        },
        "datatables.net-select": {
            "version": "1.3.1",
            "resolved": "https://registry.npmjs.org/datatables.net-select/-/datatables.net-select-1.3.1.tgz",
            "integrity": "sha512-PeVd/hlAX58QzL0+mGvxnXP7ylLtzZMeAots/uZkQi+6c/KI6JuP8LCJoEMHAsSjQM/BnG7Uw8E1YGOz1tZpQQ==",
            "requires": {
                "datatables.net": "^1.10.15",
                "jquery": ">=1.7"
            }
        },
        "datatables.net-select-bs": {
            "version": "1.3.1",
            "resolved": "https://registry.npmjs.org/datatables.net-select-bs/-/datatables.net-select-bs-1.3.1.tgz",
            "integrity": "sha512-CbZTZoBjaALftqCHWRrrlVNn2w472vXRsn5myM/wVyVkFh4S8W8QRAkP6jEkfxdmXsXiDidXg03fR5ksVEbebw==",
            "requires": {
                "datatables.net-bs": "^1.10.15",
                "datatables.net-select": "1.3.1",
                "jquery": ">=1.7"
            }
        },
        "es6-promise": {
            "version": "4.0.5",
            "resolved": "https://registry.npmjs.org/es6-promise/-/es6-promise-4.0.5.tgz",
            "integrity": "sha1-eILzCt3lskDM+n99eMVIMwlRrkI="
        },
        "font-awesome": {
            "version": "4.7.0",
            "resolved": "https://registry.npmjs.org/font-awesome/-/font-awesome-4.7.0.tgz",
            "integrity": "sha1-j6jPBBGhoxr9B7BtKQK7n8gVoTM="
        },
        "get-root-node-polyfill": {
            "version": "1.0.0",
            "resolved": "https://registry.npmjs.org/get-root-node-polyfill/-/get-root-node-polyfill-1.0.0.tgz",
            "integrity": "sha512-AzucsG1DdepagLF8tkxfjUqn3cCQ63MgH/tBWwPSy0BIDt8iLFZYDwnTxA08d+zdgL8l2dkPdZDe+Qkd+RMl9Q=="
        },
        "jquery": {
            "version": "3.5.1",
            "resolved": "https://registry.npmjs.org/jquery/-/jquery-3.5.1.tgz",
            "integrity": "sha512-XwIBPqcMn57FxfT+Go5pzySnm4KWkT1Tv7gjrpT1srtf8Weynl6R273VJ5GjkRb51IzMp5nbaPjJXMWeju2MKg=="
        },
        "jquery-migrate": {
            "version": "3.0.1",
            "resolved": "https://registry.npmjs.org/jquery-migrate/-/jquery-migrate-3.0.1.tgz",
            "integrity": "sha512-NYlhcFnRh4Bv9jvadPlcAKQdVGRE0+TSgFYxQ+ZnCxUUHbwd+SjbOg+Xvu1Oea9mpQJ+2VB1eCfcBORWNQsHaA=="
        },
        "jquery-ui": {
            "version": "1.12.1",
            "resolved": "https://registry.npmjs.org/jquery-ui/-/jquery-ui-1.12.1.tgz",
            "integrity": "sha1-vLQEXI3QU5wTS8FIjN0+dop6nlE="
        },
        "jstree": {
            "version": "3.3.11",
            "resolved": "https://registry.npmjs.org/jstree/-/jstree-3.3.11.tgz",
            "integrity": "sha512-9ZJKroPjCyjb6JLPuAbBrLJKT6pS1f4m5gkwoEagG5oQWtvzm0IiDsntXTxeFtz7AmqrKfij+gLfF9MgWriNxg==",
            "requires": {
                "jquery": ">=1.9.1"
            }
        },
        "metismenu": {
            "version": "2.0.3",
            "resolved": "https://registry.npmjs.org/metismenu/-/metismenu-2.0.3.tgz",
            "integrity": "sha1-b3liFSXwzXle1oE73TK2pH1oewc="
        },
        "pace": {
            "version": "npm:pace-js@1.0.2",
            "resolved": "https://registry.npmjs.org/pace-js/-/pace-js-1.0.2.tgz",
            "integrity": "sha1-Zzpxf4M8y09DFVMbde5HiDdmAPc="
        },
        "select2": {
            "version": "4.0.13",
            "resolved": "https://registry.npmjs.org/select2/-/select2-4.0.13.tgz",
            "integrity": "sha512-1JeB87s6oN/TDxQQYCvS5EFoQyvV6eYMZZ0AeA4tdFDYWN3BAGZ8npr17UBFddU0lgAt3H0yjX3X6/ekOj1yjw=="
        },
        "summernote": {
            "version": "0.8.18",
            "resolved": "https://registry.npmjs.org/summernote/-/summernote-0.8.18.tgz",
            "integrity": "sha512-VlwBaNm9vSYMYXvO2f3UCUmY0Gm8jxLcBn+D08aX3pKs4x2vAoyQ4DcDQ6D+PchQiLrf86AGQVfVu56F4aP3ug=="
        },
        "sweetalert": {
            "version": "1.1.3",
            "resolved": "https://registry.npmjs.org/sweetalert/-/sweetalert-1.1.3.tgz",
            "integrity": "sha1-0sMepJKyK2qNiHrqFZiaI4/AhK4="
        }
    }
}
