{
  "name": "spryker-zed-gui",
  "version": "1.0.0",
  "lockfileVersion": 1,
  "requires": true,
  "dependencies": {
    "almond": {
      "version": "0.3.3",
      "resolved": "https://registry.npmjs.org/almond/-/almond-0.3.3.tgz",
      "integrity": "sha1-oOfJWsdiTWQXtElLHmi/9pMWiiA="
    },
    "animate.css": {
      "version": "3.5.2",
      "resolved": "https://registry.npmjs.org/animate.css/-/animate.css-3.5.2.tgz",
      "integrity": "sha1-keZo3AaagI5eSZUUhnuXquAWbDY="
    },
    "bootstrap-sass": {
      "version": "3.4.1",
      "resolved": "https://registry.npmjs.org/bootstrap-sass/-/bootstrap-sass-3.4.1.tgz",
      "integrity": "sha512-p5rxsK/IyEDQm2CwiHxxUi0MZZtvVFbhWmyMOt4lLkA4bujDA1TGoKT0i1FKIWiugAdP+kK8T5KMDFIKQCLYIA=="
    },
    "codemirror": {
      "version": "5.12.0",
      "resolved": "https://registry.npmjs.org/codemirror/-/codemirror-5.12.0.tgz",
      "integrity": "sha1-lWpHK9Kw+Uyw9zBoChwzZxzX+6M="
    },
    "datatables.net": {
      "version": "1.10.19",
      "resolved": "https://registry.npmjs.org/datatables.net/-/datatables.net-1.10.19.tgz",
      "integrity": "sha512-+ljXcI6Pj3PTGy5pesp3E5Dr3x3AV45EZe0o1r0gKENN2gafBKXodVnk2ypKwl2tTmivjxbkiqoWnipTefyBTA==",
      "requires": {
        "jquery": ">=1.7"
      },
      "dependencies": {
        "jquery": {
          "version": "3.4.1",
          "resolved": "https://registry.npmjs.org/jquery/-/jquery-3.4.1.tgz",
          "integrity": "sha512-36+AdBzCL+y6qjw5Tx7HgzeGCzC81MDDgaUP8ld2zhx58HdqXGoBd+tHdrBMiyjGQs0Hxs/MLZTu/eHNJJuWPw=="
        }
      }
    },
    "datatables.net-bs": {
      "version": "1.10.19",
      "resolved": "https://registry.npmjs.org/datatables.net-bs/-/datatables.net-bs-1.10.19.tgz",
      "integrity": "sha512-5gxoI2n+duZP06+4xVC2TtH6zcY369/TRKTZ1DdSgDcDUl4OYQsrXCuaLJmbVzna/5Y5lrMmK7CxgvYgIynICA==",
      "requires": {
        "datatables.net": "1.10.19",
        "jquery": ">=1.7"
      }
    },
    "datatables.net-buttons": {
      "version": "1.2.4",
      "resolved": "https://registry.npmjs.org/datatables.net-buttons/-/datatables.net-buttons-1.2.4.tgz",
      "integrity": "sha1-rZCn6zlBmWEI7/bVKTxHM/GHQyk=",
      "requires": {
        "datatables.net": ">=1.10.9",
        "jquery": ">=1.7"
      },
      "dependencies": {
        "jquery": {
          "version": "3.4.1",
          "resolved": "https://registry.npmjs.org/jquery/-/jquery-3.4.1.tgz",
          "integrity": "sha512-36+AdBzCL+y6qjw5Tx7HgzeGCzC81MDDgaUP8ld2zhx58HdqXGoBd+tHdrBMiyjGQs0Hxs/MLZTu/eHNJJuWPw=="
        }
      }
    },
    "datatables.net-buttons-bs": {
      "version": "1.2.4",
      "resolved": "https://registry.npmjs.org/datatables.net-buttons-bs/-/datatables.net-buttons-bs-1.2.4.tgz",
      "integrity": "sha1-GEOvK+BUSYfN06vUcQKKoj2kjOY=",
      "requires": {
        "datatables.net-bs": ">=1.10.9",
        "datatables.net-buttons": ">=1.0.3",
        "jquery": ">=1.7"
      },
      "dependencies": {
        "datatables.net-bs": {
          "version": "2.1.1",
          "resolved": "https://registry.npmjs.org/datatables.net-bs/-/datatables.net-bs-2.1.1.tgz",
          "integrity": "sha1-cEEIlyiRlJ0JS/RPU9BlTZ/ue84=",
          "requires": {
            "datatables.net": ">=1.10.9",
            "jquery": ">=1.7"
          }
        },
        "jquery": {
          "version": "3.4.1",
          "resolved": "https://registry.npmjs.org/jquery/-/jquery-3.4.1.tgz",
          "integrity": "sha512-36+AdBzCL+y6qjw5Tx7HgzeGCzC81MDDgaUP8ld2zhx58HdqXGoBd+tHdrBMiyjGQs0Hxs/MLZTu/eHNJJuWPw=="
        }
      }
    },
    "datatables.net-responsive": {
      "version": "2.2.3",
      "resolved": "https://registry.npmjs.org/datatables.net-responsive/-/datatables.net-responsive-2.2.3.tgz",
      "integrity": "sha512-8D6VtZcyuH3FG0Hn5A4LPZQEOX3+HrRFM7HjpmsQc/nQDBbdeBLkJX4Sh/o1nzFTSneuT1Wh/lYZHVPpjcN+Sw==",
      "requires": {
        "datatables.net": "^1.10.15",
        "jquery": ">=1.7"
      }
    },
    "datatables.net-responsive-bs": {
      "version": "2.2.3",
      "resolved": "https://registry.npmjs.org/datatables.net-responsive-bs/-/datatables.net-responsive-bs-2.2.3.tgz",
      "integrity": "sha512-tQZiqqjXGlTiRBlBP3lON7ULThiMc0sLh4hT5xLaHRWBniaQkIMNhIzX9RRybWjOEQcHS7LA/ZiwE2S7rYqq9w==",
      "requires": {
        "datatables.net-bs": "^1.10.15",
        "datatables.net-responsive": "2.2.3",
        "jquery": ">=1.7"
      }
    },
    "datatables.net-select": {
      "version": "1.3.0",
      "resolved": "https://registry.npmjs.org/datatables.net-select/-/datatables.net-select-1.3.0.tgz",
      "integrity": "sha512-sj72BM+Sx2n9mTHQjPiGMrGUoAVA1PCGmD+vEuAedhlDX1PAHcnqsOnG37eWrpqIsOQR/ZcSuE8IkU7gmiQkew==",
      "requires": {
        "datatables.net": "^1.10.15",
        "jquery": ">=1.7"
      }
    },
    "datatables.net-select-bs": {
      "version": "1.3.0",
      "resolved": "https://registry.npmjs.org/datatables.net-select-bs/-/datatables.net-select-bs-1.3.0.tgz",
      "integrity": "sha512-MW9mmd2Hw6N6XFfGy0q5W/2XV7gP/CaGCtcReSiBu9McQNGJE2S06NkSfsKl+yoiW9mRQUPnbYa/Af4ykskFqg==",
      "requires": {
        "datatables.net-bs": "^1.10.15",
        "datatables.net-select": "1.3.0",
        "jquery": ">=1.7"
      }
    },
    "es6-promise": {
      "version": "4.0.5",
      "resolved": "https://registry.npmjs.org/es6-promise/-/es6-promise-4.0.5.tgz",
      "integrity": "sha1-eILzCt3lskDM+n99eMVIMwlRrkI="
    },
    "font-awesome": {
      "version": "4.7.0",
      "resolved": "https://registry.npmjs.org/font-awesome/-/font-awesome-4.7.0.tgz",
      "integrity": "sha1-j6jPBBGhoxr9B7BtKQK7n8gVoTM="
    },
    "jquery": {
      "version": "3.4.1",
      "resolved": "https://registry.npmjs.org/jquery/-/jquery-3.4.1.tgz",
      "integrity": "sha512-36+AdBzCL+y6qjw5Tx7HgzeGCzC81MDDgaUP8ld2zhx58HdqXGoBd+tHdrBMiyjGQs0Hxs/MLZTu/eHNJJuWPw=="
    },
    "jquery-migrate": {
      "version": "3.0.1",
      "resolved": "https://registry.npmjs.org/jquery-migrate/-/jquery-migrate-3.0.1.tgz",
      "integrity": "sha1-FB3jq/5tMBuqpBMLDse5qDmEXnI="
    },
    "jquery-mousewheel": {
      "version": "3.1.13",
      "resolved": "https://registry.npmjs.org/jquery-mousewheel/-/jquery-mousewheel-3.1.13.tgz",
      "integrity": "sha1-BvAzXxbjU6aV5yBr9QUDy1I6buU="
    },
    "jquery-ui": {
      "version": "1.12.1",
      "resolved": "https://registry.npmjs.org/jquery-ui/-/jquery-ui-1.12.1.tgz",
      "integrity": "sha1-vLQEXI3QU5wTS8FIjN0+dop6nlE="
    },
    "jstree": {
      "version": "3.3.6",
      "resolved": "https://registry.npmjs.org/jstree/-/jstree-3.3.6.tgz",
      "integrity": "sha512-60yWq6batzrakamfhJKB/pQsR6E7O27pafHr5p/klEE3rDQjGY0zxV+C8+ljPVw90LmUJyUXEIuNbeQJB2xqcg==",
      "requires": {
        "jquery": ">=1.9.1"
      },
      "dependencies": {
        "jquery": {
          "version": "3.4.1",
          "resolved": "https://registry.npmjs.org/jquery/-/jquery-3.4.1.tgz",
          "integrity": "sha512-36+AdBzCL+y6qjw5Tx7HgzeGCzC81MDDgaUP8ld2zhx58HdqXGoBd+tHdrBMiyjGQs0Hxs/MLZTu/eHNJJuWPw=="
        }
      }
    },
    "metismenu": {
      "version": "2.0.3",
      "resolved": "https://registry.npmjs.org/metismenu/-/metismenu-2.0.3.tgz",
      "integrity": "sha1-b3liFSXwzXle1oE73TK2pH1oewc="
    },
    "nestable": {
      "version": "git+https://git@github.com/ilmente/Nestable.git#0baf37567b5bda0bcb80acc3dd0c0d0a13ba497d",
      "from": "git+https://git@github.com/ilmente/Nestable.git#v1.1.1"
    },
    "pace": {
      "version": "git+https://git@github.com/hubspot/pace.git#c6846cbf6b928e9903b569269fa9fbf32f2554f4",
      "from": "git+https://git@github.com/hubspot/pace.git#v1.0.2"
    },
    "select2": {
      "version": "git+https://git@github.com/select2/select2.git#622a619d25358b86a93c2335f88e1884acc9ccb8",
      "from": "git+https://git@github.com/select2/select2.git#4.0.2",
      "requires": {
        "almond": "~0.3.1",
        "jquery-mousewheel": "~3.1.13"
      }
    },
    "summernote": {
      "version": "0.8.11",
      "resolved": "https://registry.npmjs.org/summernote/-/summernote-0.8.11.tgz",
      "integrity": "sha512-j+YbSK2ox1RZGeD5E/+6k57bvqhQLxiaazSj9zHBXOJnCuc0LZPSIGwyTlMaAGWpo6FlkXfjGS93hEDkV3zVJw=="
    },
    "sweetalert": {
      "version": "1.1.3",
      "resolved": "https://registry.npmjs.org/sweetalert/-/sweetalert-1.1.3.tgz",
      "integrity": "sha1-0sMepJKyK2qNiHrqFZiaI4/AhK4="
    }
  }
}
