{
  "name": "spryker-zed-discount",
  "version": "1.0.0",
  "lockfileVersion": 1,
  "requires": true,
  "dependencies": {
    "dot": {
      "version": "1.1.3",
      "resolved": "https://registry.npmjs.org/dot/-/dot-1.1.3.tgz",
      "integrity": "sha512-/nt74Rm+PcfnirXGEdhZleTwGC2LMnuKTeeTIlI82xb5loBBoXNYzr2ezCroPSMtilK8EZIfcNZwOcHN+ib1Lg=="
    },
    "jquery-extendext": {
      "version": "git+https://git@github.com/mistic100/jQuery.extendext.git#98b26f2e2b0e5f5a97edb44539b95bb25676894f",
      "from": "git+https://git@github.com/mistic100/jQuery.extendext.git#0.1.1"
    },
    "jquery-query-builder": {
      "version": "git+https://git@github.com/spryker/jquery-query-builder.git#464290f4a114812caec355fd1ebb2d38dda6936e",
      "from": "git+https://git@github.com/spryker/jquery-query-builder.git#add-dot-dependency",
      "requires": {
        "dot": "^1.1.3"
      }
    },
    "sql-parser": {
      "version": "git+https://git@github.com/spryker/spryker-sql-parser.git#8f851c5f6186997435a59569df4fe3236bf6898b",
      "from": "git+https://git@github.com/spryker/spryker-sql-parser.git"
    }
  }
}
