{
    "name": "spryker-zed-discount",
    "version": "1.0.0",
    "lockfileVersion": 1,
    "requires": true,
    "dependencies": {
        "bootstrap": {
            "version": "3.4.1",
            "resolved": "https://registry.npmjs.org/bootstrap/-/bootstrap-3.4.1.tgz",
            "integrity": "sha512-yN5oZVmRCwe5aKwzRj6736nSmKDX7pLYwsXiCj/EYmo16hODaBiT4En5btW/jhBF/seV+XMx3aYwukYC3A49DA=="
        },
        "dot": {
            "version": "1.1.3",
            "resolved": "https://registry.npmjs.org/dot/-/dot-1.1.3.tgz",
            "integrity": "sha512-/nt74Rm+PcfnirXGEdhZleTwGC2LMnuKTeeTIlI82xb5loBBoXNYzr2ezCroPSMtilK8EZIfcNZwOcHN+ib1Lg=="
        },
        "jquery": {
            "version": "3.5.1",
            "resolved": "https://registry.npmjs.org/jquery/-/jquery-3.5.1.tgz",
            "integrity": "sha512-XwIBPqcMn57FxfT+Go5pzySnm4KWkT1Tv7gjrpT1srtf8Weynl6R273VJ5GjkRb51IzMp5nbaPjJXMWeju2MKg=="
        },
        "jquery-query-builder": {
            "version": "git+https://github.com/spryker/jquery-query-builder.git#134e9fbdcb35bbe64e03c257954718c39c0377ba",
            "from": "git+https://github.com/spryker/jquery-query-builder.git#feature/te-8445-update-dependency",
            "requires": {
                "bootstrap": ">=3.1.0 <4",
                "dot": ">=1.0.3",
                "jquery": "^3.3.1",
                "jquery-extendext": ">=0.1.2",
                "moment": "^2.21.0"
            },
            "dependencies": {
                "jquery-extendext": {
                    "version": "1.0.0",
                    "resolved": "https://registry.npmjs.org/jquery-extendext/-/jquery-extendext-1.0.0.tgz",
                    "integrity": "sha512-gDJjpQ8ISd4ZMwSn0yXSuyufsPMCeWtWJ8kmqE85VromJqyVT2sdkHzS5yL0w1GK81UpOzmr2f9JgFln2sbJSg==",
                    "requires": {
                        "jquery": ">=1.9.1"
                    }
                }
            }
        },
        "moment": {
            "version": "2.29.1",
            "resolved": "https://registry.npmjs.org/moment/-/moment-2.29.1.tgz",
            "integrity": "sha512-kHmoybcPV8Sqy59DwNDY3Jefr64lK/by/da0ViFcuA4DH0vQg5Q6Ze5VimxkfQNSC+Mls/Kx53s7TjP1RhFEDQ=="
        },
        "sql-parser": {
            "version": "git+https://github.com/spryker/spryker-sql-parser.git#8f851c5f6186997435a59569df4fe3236bf6898b",
            "from": "git+https://github.com/spryker/spryker-sql-parser.git"
        }
    }
}
