# THIS IS AN AUTOGENERATED FILE. DO NOT EDIT THIS FILE DIRECTLY.
# yarn lockfile v1


dot@^1.0.3:
  version "1.1.1"
  resolved "https://registry.yarnpkg.com/dot/-/dot-1.1.1.tgz#1aa26a12b38b1dcccb496714a44303b72efd9ac0"

"jquery-extendext@git+https://git@github.com/mistic100/jQuery.extendext#0.1.1":
  version "0.1.1"
  resolved "git+https://git@github.com/mistic100/jQuery.extendext#98b26f2e2b0e5f5a97edb44539b95bb25676894f"

"jquery-query-builder@git+https://git@github.com/spryker/jquery-query-builder.git":
  version "2.3.3"
  resolved "git+https://git@github.com/spryker/jquery-query-builder.git#3ff1edee7e92115e917b3e6c0ae484e428cf3d83"

"sql-parser@git+https://git@github.com/spryker/spryker-sql-parser.git":
  version "1.0.0"
  resolved "git+https://git@github.com/spryker/spryker-sql-parser.git#8f851c5f6186997435a59569df4fe3236bf6898b"
