{
  "name": "spryker-yves-braintree",
  "version": "1.0.0",
  "lockfileVersion": 1,
  "requires": true,
  "dependencies": {
    "braintree-web": {
      "version": "2.23.0",
      "resolved": "https://registry.npmjs.org/braintree-web/-/braintree-web-2.23.0.tgz",
      "integrity": "sha1-gS3ifSXpQ5tkGYgTuyYMiM/VBdc="
    },
    "jquery": {
      "version": "2.2.4",
      "resolved": "https://registry.npmjs.org/jquery/-/jquery-2.2.4.tgz",
      "integrity": "sha1-LInWiJterFIqfuoywUUhVZxsvwI="
    }
  }
}
